// !$*UTF8*$!
{
	archiveVersion = 1;
	classes = {
	};
	objectVersion = 50;
	objects = {

/* Begin PBXBuildFile section */
		310D406693AFC9297C606EB3 /* Pods_MyFoodExpense.framework in Frameworks */ = {isa = PBXBuildFile; fileRef = 6B6699AB75C38AA25FBDD215 /* Pods_MyFoodExpense.framework */; };
		9D034E5B2209C1DE00917824 /* AppDelegate.swift in Sources */ = {isa = PBXBuildFile; fileRef = 9D034E5A2209C1DE00917824 /* AppDelegate.swift */; };
		9D034E5D2209C1DE00917824 /* ViewController.swift in Sources */ = {isa = PBXBuildFile; fileRef = 9D034E5C2209C1DE00917824 /* ViewController.swift */; };
		9D034E622209C1E000917824 /* Assets.xcassets in Resources */ = {isa = PBXBuildFile; fileRef = 9D034E612209C1E000917824 /* Assets.xcassets */; };
		9D034E652209C1E000917824 /* LaunchScreen.storyboard in Resources */ = {isa = PBXBuildFile; fileRef = 9D034E632209C1E000917824 /* LaunchScreen.storyboard */; };
		9D034E702209C1E000917824 /* MyFoodExpenseTests.swift in Sources */ = {isa = PBXBuildFile; fileRef = 9D034E6F2209C1E000917824 /* MyFoodExpenseTests.swift */; };
		9D034E7B2209C1E000917824 /* MyFoodExpenseUITests.swift in Sources */ = {isa = PBXBuildFile; fileRef = 9D034E7A2209C1E000917824 /* MyFoodExpenseUITests.swift */; };
		9D05342F220BF1DF007C57ED /* MyScrollView.swift in Sources */ = {isa = PBXBuildFile; fileRef = 9D05342E220BF1DE007C57ED /* MyScrollView.swift */; };
		9D15975322106D3700B959B8 /* logTableViewCell.swift in Sources */ = {isa = PBXBuildFile; fileRef = 9D15975222106D3700B959B8 /* logTableViewCell.swift */; };
		9D1597552211753A00B959B8 /* popUpViewController.swift in Sources */ = {isa = PBXBuildFile; fileRef = 9D1597542211753A00B959B8 /* popUpViewController.swift */; };
		9DEB05CD2213D3A5006E3592 /* Main.storyboard in Resources */ = {isa = PBXBuildFile; fileRef = 9DEB05CC2213D3A5006E3592 /* Main.storyboard */; };
		9DFFC9F5220EABD0004EA1DA /* secondViewController.swift in Sources */ = {isa = PBXBuildFile; fileRef = 9DFFC9F4220EABD0004EA1DA /* secondViewController.swift */; };
		B7B1B3093E8F736AF3AAB024 /* Pods_MyFoodExpenseTests.framework in Frameworks */ = {isa = PBXBuildFile; fileRef = AB88AD970ED062C2C6E55324 /* Pods_MyFoodExpenseTests.framework */; };
		C5BE181CA3A2AC8604417FAA /* Pods_MyFoodExpenseUITests.framework in Frameworks */ = {isa = PBXBuildFile; fileRef = B0D0E2381BB82E8967CC5AC9 /* Pods_MyFoodExpenseUITests.framework */; };
/* End PBXBuildFile section */

/* Begin PBXContainerItemProxy section */
		9D034E6C2209C1E000917824 /* PBXContainerItemProxy */ = {
			isa = PBXContainerItemProxy;
			containerPortal = 9D034E4F2209C1DE00917824 /* Project object */;
			proxyType = 1;
			remoteGlobalIDString = 9D034E562209C1DE00917824;
			remoteInfo = MyFoodExpense;
		};
		9D034E772209C1E000917824 /* PBXContainerItemProxy */ = {
			isa = PBXContainerItemProxy;
			containerPortal = 9D034E4F2209C1DE00917824 /* Project object */;
			proxyType = 1;
			remoteGlobalIDString = 9D034E562209C1DE00917824;
			remoteInfo = MyFoodExpense;
		};
/* End PBXContainerItemProxy section */

/* Begin PBXFileReference section */
		01C7AAE77DD08E9FB5488CAB /* Pods-MyFoodExpenseTests.release.xcconfig */ = {isa = PBXFileReference; includeInIndex = 1; lastKnownFileType = text.xcconfig; name = "Pods-MyFoodExpenseTests.release.xcconfig"; path = "Target Support Files/Pods-MyFoodExpenseTests/Pods-MyFoodExpenseTests.release.xcconfig"; sourceTree = "<group>"; };
		28E3767253CC25060E09C443 /* Pods-MyFoodExpenseUITests.debug.xcconfig */ = {isa = PBXFileReference; includeInIndex = 1; lastKnownFileType = text.xcconfig; name = "Pods-MyFoodExpenseUITests.debug.xcconfig"; path = "Target Support Files/Pods-MyFoodExpenseUITests/Pods-MyFoodExpenseUITests.debug.xcconfig"; sourceTree = "<group>"; };
		442E8B1A0D9A8506E4811A73 /* Pods-MyFoodExpenseTests.debug.xcconfig */ = {isa = PBXFileReference; includeInIndex = 1; lastKnownFileType = text.xcconfig; name = "Pods-MyFoodExpenseTests.debug.xcconfig"; path = "Target Support Files/Pods-MyFoodExpenseTests/Pods-MyFoodExpenseTests.debug.xcconfig"; sourceTree = "<group>"; };
		4CED4DF182D12914C74A190A /* Pods-MyFoodExpense.release.xcconfig */ = {isa = PBXFileReference; includeInIndex = 1; lastKnownFileType = text.xcconfig; name = "Pods-MyFoodExpense.release.xcconfig"; path = "Target Support Files/Pods-MyFoodExpense/Pods-MyFoodExpense.release.xcconfig"; sourceTree = "<group>"; };
		6B6699AB75C38AA25FBDD215 /* Pods_MyFoodExpense.framework */ = {isa = PBXFileReference; explicitFileType = wrapper.framework; includeInIndex = 0; path = Pods_MyFoodExpense.framework; sourceTree = BUILT_PRODUCTS_DIR; };
		9D034E572209C1DE00917824 /* MyFoodExpense.app */ = {isa = PBXFileReference; explicitFileType = wrapper.application; includeInIndex = 0; path = MyFoodExpense.app; sourceTree = BUILT_PRODUCTS_DIR; };
		9D034E5A2209C1DE00917824 /* AppDelegate.swift */ = {isa = PBXFileReference; lastKnownFileType = sourcecode.swift; path = AppDelegate.swift; sourceTree = "<group>"; };
		9D034E5C2209C1DE00917824 /* ViewController.swift */ = {isa = PBXFileReference; lastKnownFileType = sourcecode.swift; path = ViewController.swift; sourceTree = "<group>"; };
		9D034E612209C1E000917824 /* Assets.xcassets */ = {isa = PBXFileReference; lastKnownFileType = folder.assetcatalog; path = Assets.xcassets; sourceTree = "<group>"; };
		9D034E642209C1E000917824 /* Base */ = {isa = PBXFileReference; lastKnownFileType = file.storyboard; name = Base; path = Base.lproj/LaunchScreen.storyboard; sourceTree = "<group>"; };
		9D034E662209C1E000917824 /* Info.plist */ = {isa = PBXFileReference; lastKnownFileType = text.plist.xml; path = Info.plist; sourceTree = "<group>"; };
		9D034E6B2209C1E000917824 /* MyFoodExpenseTests.xctest */ = {isa = PBXFileReference; explicitFileType = wrapper.cfbundle; includeInIndex = 0; path = MyFoodExpenseTests.xctest; sourceTree = BUILT_PRODUCTS_DIR; };
		9D034E6F2209C1E000917824 /* MyFoodExpenseTests.swift */ = {isa = PBXFileReference; lastKnownFileType = sourcecode.swift; path = MyFoodExpenseTests.swift; sourceTree = "<group>"; };
		9D034E712209C1E000917824 /* Info.plist */ = {isa = PBXFileReference; lastKnownFileType = text.plist.xml; path = Info.plist; sourceTree = "<group>"; };
		9D034E762209C1E000917824 /* MyFoodExpenseUITests.xctest */ = {isa = PBXFileReference; explicitFileType = wrapper.cfbundle; includeInIndex = 0; path = MyFoodExpenseUITests.xctest; sourceTree = BUILT_PRODUCTS_DIR; };
		9D034E7A2209C1E000917824 /* MyFoodExpenseUITests.swift */ = {isa = PBXFileReference; lastKnownFileType = sourcecode.swift; path = MyFoodExpenseUITests.swift; sourceTree = "<group>"; };
		9D034E7C2209C1E000917824 /* Info.plist */ = {isa = PBXFileReference; lastKnownFileType = text.plist.xml; path = Info.plist; sourceTree = "<group>"; };
		9D05342E220BF1DE007C57ED /* MyScrollView.swift */ = {isa = PBXFileReference; lastKnownFileType = sourcecode.swift; path = MyScrollView.swift; sourceTree = "<group>"; };
		9D15975222106D3700B959B8 /* logTableViewCell.swift */ = {isa = PBXFileReference; lastKnownFileType = sourcecode.swift; path = logTableViewCell.swift; sourceTree = "<group>"; };
		9D1597542211753A00B959B8 /* popUpViewController.swift */ = {isa = PBXFileReference; lastKnownFileType = sourcecode.swift; path = popUpViewController.swift; sourceTree = "<group>"; };
		9DEB05CC2213D3A5006E3592 /* Main.storyboard */ = {isa = PBXFileReference; fileEncoding = 4; lastKnownFileType = file.storyboard; name = Main.storyboard; path = ../../../.Trash/Main.storyboard; sourceTree = "<group>"; };
		9DFFC9F4220EABD0004EA1DA /* secondViewController.swift */ = {isa = PBXFileReference; lastKnownFileType = sourcecode.swift; path = secondViewController.swift; sourceTree = "<group>"; };
		AB88AD970ED062C2C6E55324 /* Pods_MyFoodExpenseTests.framework */ = {isa = PBXFileReference; explicitFileType = wrapper.framework; includeInIndex = 0; path = Pods_MyFoodExpenseTests.framework; sourceTree = BUILT_PRODUCTS_DIR; };
		B0D0E2381BB82E8967CC5AC9 /* Pods_MyFoodExpenseUITests.framework */ = {isa = PBXFileReference; explicitFileType = wrapper.framework; includeInIndex = 0; path = Pods_MyFoodExpenseUITests.framework; sourceTree = BUILT_PRODUCTS_DIR; };
		E5EC8E5359A7C2D3E2EECD1B /* Pods-MyFoodExpense.debug.xcconfig */ = {isa = PBXFileReference; includeInIndex = 1; lastKnownFileType = text.xcconfig; name = "Pods-MyFoodExpense.debug.xcconfig"; path = "Target Support Files/Pods-MyFoodExpense/Pods-MyFoodExpense.debug.xcconfig"; sourceTree = "<group>"; };
		F30328F15E60E1ABD77C8D1E /* Pods-MyFoodExpenseUITests.release.xcconfig */ = {isa = PBXFileReference; includeInIndex = 1; lastKnownFileType = text.xcconfig; name = "Pods-MyFoodExpenseUITests.release.xcconfig"; path = "Target Support Files/Pods-MyFoodExpenseUITests/Pods-MyFoodExpenseUITests.release.xcconfig"; sourceTree = "<group>"; };
/* End PBXFileReference section */

/* Begin PBXFrameworksBuildPhase section */
		9D034E542209C1DE00917824 /* Frameworks */ = {
			isa = PBXFrameworksBuildPhase;
			buildActionMask = 2147483647;
			files = (
				310D406693AFC9297C606EB3 /* Pods_MyFoodExpense.framework in Frameworks */,
			);
			runOnlyForDeploymentPostprocessing = 0;
		};
		9D034E682209C1E000917824 /* Frameworks */ = {
			isa = PBXFrameworksBuildPhase;
			buildActionMask = 2147483647;
			files = (
				B7B1B3093E8F736AF3AAB024 /* Pods_MyFoodExpenseTests.framework in Frameworks */,
			);
			runOnlyForDeploymentPostprocessing = 0;
		};
		9D034E732209C1E000917824 /* Frameworks */ = {
			isa = PBXFrameworksBuildPhase;
			buildActionMask = 2147483647;
			files = (
				C5BE181CA3A2AC8604417FAA /* Pods_MyFoodExpenseUITests.framework in Frameworks */,
			);
			runOnlyForDeploymentPostprocessing = 0;
		};
/* End PBXFrameworksBuildPhase section */

/* Begin PBXGroup section */
		1FF654BA340E95ABA8967D10 /* Pods */ = {
			isa = PBXGroup;
			children = (
				E5EC8E5359A7C2D3E2EECD1B /* Pods-MyFoodExpense.debug.xcconfig */,
				4CED4DF182D12914C74A190A /* Pods-MyFoodExpense.release.xcconfig */,
				442E8B1A0D9A8506E4811A73 /* Pods-MyFoodExpenseTests.debug.xcconfig */,
				01C7AAE77DD08E9FB5488CAB /* Pods-MyFoodExpenseTests.release.xcconfig */,
				28E3767253CC25060E09C443 /* Pods-MyFoodExpenseUITests.debug.xcconfig */,
				F30328F15E60E1ABD77C8D1E /* Pods-MyFoodExpenseUITests.release.xcconfig */,
			);
			path = Pods;
			sourceTree = "<group>";
		};
		92175C0C6A66A9599C88BE17 /* Frameworks */ = {
			isa = PBXGroup;
			children = (
				6B6699AB75C38AA25FBDD215 /* Pods_MyFoodExpense.framework */,
				AB88AD970ED062C2C6E55324 /* Pods_MyFoodExpenseTests.framework */,
				B0D0E2381BB82E8967CC5AC9 /* Pods_MyFoodExpenseUITests.framework */,
			);
			name = Frameworks;
			sourceTree = "<group>";
		};
		9D034E4E2209C1DE00917824 = {
			isa = PBXGroup;
			children = (
				9D034E592209C1DE00917824 /* MyFoodExpense */,
				9D034E6E2209C1E000917824 /* MyFoodExpenseTests */,
				9D034E792209C1E000917824 /* MyFoodExpenseUITests */,
				9D034E582209C1DE00917824 /* Products */,
				1FF654BA340E95ABA8967D10 /* Pods */,
				92175C0C6A66A9599C88BE17 /* Frameworks */,
			);
			sourceTree = "<group>";
		};
		9D034E582209C1DE00917824 /* Products */ = {
			isa = PBXGroup;
			children = (
				9D034E572209C1DE00917824 /* MyFoodExpense.app */,
				9D034E6B2209C1E000917824 /* MyFoodExpenseTests.xctest */,
				9D034E762209C1E000917824 /* MyFoodExpenseUITests.xctest */,
			);
			name = Products;
			sourceTree = "<group>";
		};
		9D034E592209C1DE00917824 /* MyFoodExpense */ = {
			isa = PBXGroup;
			children = (
				9D034E5A2209C1DE00917824 /* AppDelegate.swift */,
				9D15975222106D3700B959B8 /* logTableViewCell.swift */,
				9D1597542211753A00B959B8 /* popUpViewController.swift */,
				9D034E5C2209C1DE00917824 /* ViewController.swift */,
				9DFFC9F4220EABD0004EA1DA /* secondViewController.swift */,
				9DEB05CC2213D3A5006E3592 /* Main.storyboard */,
				9D034E612209C1E000917824 /* Assets.xcassets */,
				9D034E632209C1E000917824 /* LaunchScreen.storyboard */,
				9D034E662209C1E000917824 /* Info.plist */,
				9D05342E220BF1DE007C57ED /* MyScrollView.swift */,
			);
			path = MyFoodExpense;
			sourceTree = "<group>";
		};
		9D034E6E2209C1E000917824 /* MyFoodExpenseTests */ = {
			isa = PBXGroup;
			children = (
				9D034E6F2209C1E000917824 /* MyFoodExpenseTests.swift */,
				9D034E712209C1E000917824 /* Info.plist */,
			);
			path = MyFoodExpenseTests;
			sourceTree = "<group>";
		};
		9D034E792209C1E000917824 /* MyFoodExpenseUITests */ = {
			isa = PBXGroup;
			children = (
				9D034E7A2209C1E000917824 /* MyFoodExpenseUITests.swift */,
				9D034E7C2209C1E000917824 /* Info.plist */,
			);
			path = MyFoodExpenseUITests;
			sourceTree = "<group>";
		};
/* End PBXGroup section */

/* Begin PBXNativeTarget section */
		9D034E562209C1DE00917824 /* MyFoodExpense */ = {
			isa = PBXNativeTarget;
			buildConfigurationList = 9D034E7F2209C1E000917824 /* Build configuration list for PBXNativeTarget "MyFoodExpense" */;
			buildPhases = (
				30FB21D1F07D0ED8392A5BA6 /* [CP] Check Pods Manifest.lock */,
				9D034E532209C1DE00917824 /* Sources */,
				9D034E542209C1DE00917824 /* Frameworks */,
				9D034E552209C1DE00917824 /* Resources */,
				ABAA51A5F494AA21E976366D /* [CP] Embed Pods Frameworks */,
			);
			buildRules = (
			);
			dependencies = (
			);
			name = MyFoodExpense;
			productName = MyFoodExpense;
			productReference = 9D034E572209C1DE00917824 /* MyFoodExpense.app */;
			productType = "com.apple.product-type.application";
		};
		9D034E6A2209C1E000917824 /* MyFoodExpenseTests */ = {
			isa = PBXNativeTarget;
			buildConfigurationList = 9D034E822209C1E000917824 /* Build configuration list for PBXNativeTarget "MyFoodExpenseTests" */;
			buildPhases = (
				2C3F4E9EB450564F2EC45B32 /* [CP] Check Pods Manifest.lock */,
				9D034E672209C1E000917824 /* Sources */,
				9D034E682209C1E000917824 /* Frameworks */,
				9D034E692209C1E000917824 /* Resources */,
			);
			buildRules = (
			);
			dependencies = (
				9D034E6D2209C1E000917824 /* PBXTargetDependency */,
			);
			name = MyFoodExpenseTests;
			productName = MyFoodExpenseTests;
			productReference = 9D034E6B2209C1E000917824 /* MyFoodExpenseTests.xctest */;
			productType = "com.apple.product-type.bundle.unit-test";
		};
		9D034E752209C1E000917824 /* MyFoodExpenseUITests */ = {
			isa = PBXNativeTarget;
			buildConfigurationList = 9D034E852209C1E000917824 /* Build configuration list for PBXNativeTarget "MyFoodExpenseUITests" */;
			buildPhases = (
				6DAAEC34E1FC280765F0D38E /* [CP] Check Pods Manifest.lock */,
				9D034E722209C1E000917824 /* Sources */,
				9D034E732209C1E000917824 /* Frameworks */,
				9D034E742209C1E000917824 /* Resources */,
			);
			buildRules = (
			);
			dependencies = (
				9D034E782209C1E000917824 /* PBXTargetDependency */,
			);
			name = MyFoodExpenseUITests;
			productName = MyFoodExpenseUITests;
			productReference = 9D034E762209C1E000917824 /* MyFoodExpenseUITests.xctest */;
			productType = "com.apple.product-type.bundle.ui-testing";
		};
/* End PBXNativeTarget section */

/* Begin PBXProject section */
		9D034E4F2209C1DE00917824 /* Project object */ = {
			isa = PBXProject;
			attributes = {
				LastSwiftUpdateCheck = 1010;
				LastUpgradeCheck = 1010;
				ORGANIZATIONNAME = 123;
				TargetAttributes = {
					9D034E562209C1DE00917824 = {
						CreatedOnToolsVersion = 10.1;
					};
					9D034E6A2209C1E000917824 = {
						CreatedOnToolsVersion = 10.1;
						TestTargetID = 9D034E562209C1DE00917824;
					};
					9D034E752209C1E000917824 = {
						CreatedOnToolsVersion = 10.1;
						TestTargetID = 9D034E562209C1DE00917824;
					};
				};
			};
			buildConfigurationList = 9D034E522209C1DE00917824 /* Build configuration list for PBXProject "MyFoodExpense" */;
			compatibilityVersion = "Xcode 9.3";
			developmentRegion = en;
			hasScannedForEncodings = 0;
			knownRegions = (
				en,
				Base,
			);
			mainGroup = 9D034E4E2209C1DE00917824;
			productRefGroup = 9D034E582209C1DE00917824 /* Products */;
			projectDirPath = "";
			projectRoot = "";
			targets = (
				9D034E562209C1DE00917824 /* MyFoodExpense */,
				9D034E6A2209C1E000917824 /* MyFoodExpenseTests */,
				9D034E752209C1E000917824 /* MyFoodExpenseUITests */,
			);
		};
/* End PBXProject section */

/* Begin PBXResourcesBuildPhase section */
		9D034E552209C1DE00917824 /* Resources */ = {
			isa = PBXResourcesBuildPhase;
			buildActionMask = 2147483647;
			files = (
				9D034E652209C1E000917824 /* LaunchScreen.storyboard in Resources */,
				9D034E622209C1E000917824 /* Assets.xcassets in Resources */,
				9DEB05CD2213D3A5006E3592 /* Main.storyboard in Resources */,
			);
			runOnlyForDeploymentPostprocessing = 0;
		};
		9D034E692209C1E000917824 /* Resources */ = {
			isa = PBXResourcesBuildPhase;
			buildActionMask = 2147483647;
			files = (
			);
			runOnlyForDeploymentPostprocessing = 0;
		};
		9D034E742209C1E000917824 /* Resources */ = {
			isa = PBXResourcesBuildPhase;
			buildActionMask = 2147483647;
			files = (
			);
			runOnlyForDeploymentPostprocessing = 0;
		};
/* End PBXResourcesBuildPhase section */

/* Begin PBXShellScriptBuildPhase section */
		2C3F4E9EB450564F2EC45B32 /* [CP] Check Pods Manifest.lock */ = {
			isa = PBXShellScriptBuildPhase;
			buildActionMask = 2147483647;
			files = (
			);
			inputFileListPaths = (
			);
			inputPaths = (
				"${PODS_PODFILE_DIR_PATH}/Podfile.lock",
				"${PODS_ROOT}/Manifest.lock",
			);
			name = "[CP] Check Pods Manifest.lock";
			outputFileListPaths = (
			);
			outputPaths = (
				"$(DERIVED_FILE_DIR)/Pods-MyFoodExpenseTests-checkManifestLockResult.txt",
			);
			runOnlyForDeploymentPostprocessing = 0;
			shellPath = /bin/sh;
			shellScript = "diff \"${PODS_PODFILE_DIR_PATH}/Podfile.lock\" \"${PODS_ROOT}/Manifest.lock\" > /dev/null\nif [ $? != 0 ] ; then\n    # print error to STDERR\n    echo \"error: The sandbox is not in sync with the Podfile.lock. Run 'pod install' or update your CocoaPods installation.\" >&2\n    exit 1\nfi\n# This output is used by Xcode 'outputs' to avoid re-running this script phase.\necho \"SUCCESS\" > \"${SCRIPT_OUTPUT_FILE_0}\"\n";
			showEnvVarsInLog = 0;
		};
		30FB21D1F07D0ED8392A5BA6 /* [CP] Check Pods Manifest.lock */ = {
			isa = PBXShellScriptBuildPhase;
			buildActionMask = 2147483647;
			files = (
			);
			inputFileListPaths = (
			);
			inputPaths = (
				"${PODS_PODFILE_DIR_PATH}/Podfile.lock",
				"${PODS_ROOT}/Manifest.lock",
			);
			name = "[CP] Check Pods Manifest.lock";
			outputFileListPaths = (
			);
			outputPaths = (
				"$(DERIVED_FILE_DIR)/Pods-MyFoodExpense-checkManifestLockResult.txt",
			);
			runOnlyForDeploymentPostprocessing = 0;
			shellPath = /bin/sh;
			shellScript = "diff \"${PODS_PODFILE_DIR_PATH}/Podfile.lock\" \"${PODS_ROOT}/Manifest.lock\" > /dev/null\nif [ $? != 0 ] ; then\n    # print error to STDERR\n    echo \"error: The sandbox is not in sync with the Podfile.lock. Run 'pod install' or update your CocoaPods installation.\" >&2\n    exit 1\nfi\n# This output is used by Xcode 'outputs' to avoid re-running this script phase.\necho \"SUCCESS\" > \"${SCRIPT_OUTPUT_FILE_0}\"\n";
			showEnvVarsInLog = 0;
		};
		6DAAEC34E1FC280765F0D38E /* [CP] Check Pods Manifest.lock */ = {
			isa = PBXShellScriptBuildPhase;
			buildActionMask = 2147483647;
			files = (
			);
			inputFileListPaths = (
			);
			inputPaths = (
				"${PODS_PODFILE_DIR_PATH}/Podfile.lock",
				"${PODS_ROOT}/Manifest.lock",
			);
			name = "[CP] Check Pods Manifest.lock";
			outputFileListPaths = (
			);
			outputPaths = (
				"$(DERIVED_FILE_DIR)/Pods-MyFoodExpenseUITests-checkManifestLockResult.txt",
			);
			runOnlyForDeploymentPostprocessing = 0;
			shellPath = /bin/sh;
			shellScript = "diff \"${PODS_PODFILE_DIR_PATH}/Podfile.lock\" \"${PODS_ROOT}/Manifest.lock\" > /dev/null\nif [ $? != 0 ] ; then\n    # print error to STDERR\n    echo \"error: The sandbox is not in sync with the Podfile.lock. Run 'pod install' or update your CocoaPods installation.\" >&2\n    exit 1\nfi\n# This output is used by Xcode 'outputs' to avoid re-running this script phase.\necho \"SUCCESS\" > \"${SCRIPT_OUTPUT_FILE_0}\"\n";
			showEnvVarsInLog = 0;
		};
		ABAA51A5F494AA21E976366D /* [CP] Embed Pods Frameworks */ = {
			isa = PBXShellScriptBuildPhase;
			buildActionMask = 2147483647;
			files = (
			);
			inputFileListPaths = (
			);
			inputPaths = (
				"${PODS_ROOT}/Target Support Files/Pods-MyFoodExpense/Pods-MyFoodExpense-frameworks.sh",
				"${BUILT_PRODUCTS_DIR}/Charts/Charts.framework",
			);
			name = "[CP] Embed Pods Frameworks";
			outputFileListPaths = (
			);
			outputPaths = (
				"${TARGET_BUILD_DIR}/${FRAMEWORKS_FOLDER_PATH}/Charts.framework",
			);
			runOnlyForDeploymentPostprocessing = 0;
			shellPath = /bin/sh;
			shellScript = "\"${PODS_ROOT}/Target Support Files/Pods-MyFoodExpense/Pods-MyFoodExpense-frameworks.sh\"\n";
			showEnvVarsInLog = 0;
		};
/* End PBXShellScriptBuildPhase section */

/* Begin PBXSourcesBuildPhase section */
		9D034E532209C1DE00917824 /* Sources */ = {
			isa = PBXSourcesBuildPhase;
			buildActionMask = 2147483647;
			files = (
				9D034E5D2209C1DE00917824 /* ViewController.swift in Sources */,
				9D05342F220BF1DF007C57ED /* MyScrollView.swift in Sources */,
				9D15975322106D3700B959B8 /* logTableViewCell.swift in Sources */,
				9D1597552211753A00B959B8 /* popUpViewController.swift in Sources */,
				9DFFC9F5220EABD0004EA1DA /* secondViewController.swift in Sources */,
				9D034E5B2209C1DE00917824 /* AppDelegate.swift in Sources */,
			);
			runOnlyForDeploymentPostprocessing = 0;
		};
		9D034E672209C1E000917824 /* Sources */ = {
			isa = PBXSourcesBuildPhase;
			buildActionMask = 2147483647;
			files = (
				9D034E702209C1E000917824 /* MyFoodExpenseTests.swift in Sources */,
			);
			runOnlyForDeploymentPostprocessing = 0;
		};
		9D034E722209C1E000917824 /* Sources */ = {
			isa = PBXSourcesBuildPhase;
			buildActionMask = 2147483647;
			files = (
				9D034E7B2209C1E000917824 /* MyFoodExpenseUITests.swift in Sources */,
			);
			runOnlyForDeploymentPostprocessing = 0;
		};
/* End PBXSourcesBuildPhase section */

/* Begin PBXTargetDependency section */
		9D034E6D2209C1E000917824 /* PBXTargetDependency */ = {
			isa = PBXTargetDependency;
			target = 9D034E562209C1DE00917824 /* MyFoodExpense */;
			targetProxy = 9D034E6C2209C1E000917824 /* PBXContainerItemProxy */;
		};
		9D034E782209C1E000917824 /* PBXTargetDependency */ = {
			isa = PBXTargetDependency;
			target = 9D034E562209C1DE00917824 /* MyFoodExpense */;
			targetProxy = 9D034E772209C1E000917824 /* PBXContainerItemProxy */;
		};
/* End PBXTargetDependency section */

/* Begin PBXVariantGroup section */
		9D034E632209C1E000917824 /* LaunchScreen.storyboard */ = {
			isa = PBXVariantGroup;
			children = (
				9D034E642209C1E000917824 /* Base */,
			);
			name = LaunchScreen.storyboard;
			sourceTree = "<group>";
		};
/* End PBXVariantGroup section */

/* Begin XCBuildConfiguration section */
		9D034E7D2209C1E000917824 /* Debug */ = {
			isa = XCBuildConfiguration;
			buildSettings = {
				ALWAYS_SEARCH_USER_PATHS = NO;
				CLANG_ANALYZER_NONNULL = YES;
				CLANG_ANALYZER_NUMBER_OBJECT_CONVERSION = YES_AGGRESSIVE;
				CLANG_CXX_LANGUAGE_STANDARD = "gnu++14";
				CLANG_CXX_LIBRARY = "libc++";
				CLANG_ENABLE_MODULES = YES;
				CLANG_ENABLE_OBJC_ARC = YES;
				CLANG_ENABLE_OBJC_WEAK = YES;
				CLANG_WARN_BLOCK_CAPTURE_AUTORELEASING = YES;
				CLANG_WARN_BOOL_CONVERSION = YES;
				CLANG_WARN_COMMA = YES;
				CLANG_WARN_CONSTANT_CONVERSION = YES;
				CLANG_WARN_DEPRECATED_OBJC_IMPLEMENTATIONS = YES;
				CLANG_WARN_DIRECT_OBJC_ISA_USAGE = YES_ERROR;
				CLANG_WARN_DOCUMENTATION_COMMENTS = YES;
				CLANG_WARN_EMPTY_BODY = YES;
				CLANG_WARN_ENUM_CONVERSION = YES;
				CLANG_WARN_INFINITE_RECURSION = YES;
				CLANG_WARN_INT_CONVERSION = YES;
				CLANG_WARN_NON_LITERAL_NULL_CONVERSION = YES;
				CLANG_WARN_OBJC_IMPLICIT_RETAIN_SELF = YES;
				CLANG_WARN_OBJC_LITERAL_CONVERSION = YES;
				CLANG_WARN_OBJC_ROOT_CLASS = YES_ERROR;
				CLANG_WARN_RANGE_LOOP_ANALYSIS = YES;
				CLANG_WARN_STRICT_PROTOTYPES = YES;
				CLANG_WARN_SUSPICIOUS_MOVE = YES;
				CLANG_WARN_UNGUARDED_AVAILABILITY = YES_AGGRESSIVE;
				CLANG_WARN_UNREACHABLE_CODE = YES;
				CLANG_WARN__DUPLICATE_METHOD_MATCH = YES;
				CODE_SIGN_IDENTITY = "iPhone Developer";
				COPY_PHASE_STRIP = NO;
				DEBUG_INFORMATION_FORMAT = dwarf;
				ENABLE_STRICT_OBJC_MSGSEND = YES;
				ENABLE_TESTABILITY = YES;
				GCC_C_LANGUAGE_STANDARD = gnu11;
				GCC_DYNAMIC_NO_PIC = NO;
				GCC_NO_COMMON_BLOCKS = YES;
				GCC_OPTIMIZATION_LEVEL = 0;
				GCC_PREPROCESSOR_DEFINITIONS = (
					"DEBUG=1",
					"$(inherited)",
				);
				GCC_WARN_64_TO_32_BIT_CONVERSION = YES;
				GCC_WARN_ABOUT_RETURN_TYPE = YES_ERROR;
				GCC_WARN_UNDECLARED_SELECTOR = YES;
				GCC_WARN_UNINITIALIZED_AUTOS = YES_AGGRESSIVE;
				GCC_WARN_UNUSED_FUNCTION = YES;
				GCC_WARN_UNUSED_VARIABLE = YES;
				IPHONEOS_DEPLOYMENT_TARGET = 12.1;
				MTL_ENABLE_DEBUG_INFO = INCLUDE_SOURCE;
				MTL_FAST_MATH = YES;
				ONLY_ACTIVE_ARCH = YES;
				SDKROOT = iphoneos;
				SWIFT_ACTIVE_COMPILATION_CONDITIONS = DEBUG;
				SWIFT_OPTIMIZATION_LEVEL = "-Onone";
			};
			name = Debug;
		};
		9D034E7E2209C1E000917824 /* Release */ = {
			isa = XCBuildConfiguration;
			buildSettings = {
				ALWAYS_SEARCH_USER_PATHS = NO;
				CLANG_ANALYZER_NONNULL = YES;
				CLANG_ANALYZER_NUMBER_OBJECT_CONVERSION = YES_AGGRESSIVE;
				CLANG_CXX_LANGUAGE_STANDARD = "gnu++14";
				CLANG_CXX_LIBRARY = "libc++";
				CLANG_ENABLE_MODULES = YES;
				CLANG_ENABLE_OBJC_ARC = YES;
				CLANG_ENABLE_OBJC_WEAK = YES;
				CLANG_WARN_BLOCK_CAPTURE_AUTORELEASING = YES;
				CLANG_WARN_BOOL_CONVERSION = YES;
				CLANG_WARN_COMMA = YES;
				CLANG_WARN_CONSTANT_CONVERSION = YES;
				CLANG_WARN_DEPRECATED_OBJC_IMPLEMENTATIONS = YES;
				CLANG_WARN_DIRECT_OBJC_ISA_USAGE = YES_ERROR;
				CLANG_WARN_DOCUMENTATION_COMMENTS = YES;
				CLANG_WARN_EMPTY_BODY = YES;
				CLANG_WARN_ENUM_CONVERSION = YES;
				CLANG_WARN_INFINITE_RECURSION = YES;
				CLANG_WARN_INT_CONVERSION = YES;
				CLANG_WARN_NON_LITERAL_NULL_CONVERSION = YES;
				CLANG_WARN_OBJC_IMPLICIT_RETAIN_SELF = YES;
				CLANG_WARN_OBJC_LITERAL_CONVERSION = YES;
				CLANG_WARN_OBJC_ROOT_CLASS = YES_ERROR;
				CLANG_WARN_RANGE_LOOP_ANALYSIS = YES;
				CLANG_WARN_STRICT_PROTOTYPES = YES;
				CLANG_WARN_SUSPICIOUS_MOVE = YES;
				CLANG_WARN_UNGUARDED_AVAILABILITY = YES_AGGRESSIVE;
				CLANG_WARN_UNREACHABLE_CODE = YES;
				CLANG_WARN__DUPLICATE_METHOD_MATCH = YES;
				CODE_SIGN_IDENTITY = "iPhone Developer";
				COPY_PHASE_STRIP = NO;
				DEBUG_INFORMATION_FORMAT = "dwarf-with-dsym";
				ENABLE_NS_ASSERTIONS = NO;
				ENABLE_STRICT_OBJC_MSGSEND = YES;
				GCC_C_LANGUAGE_STANDARD = gnu11;
				GCC_NO_COMMON_BLOCKS = YES;
				GCC_WARN_64_TO_32_BIT_CONVERSION = YES;
				GCC_WARN_ABOUT_RETURN_TYPE = YES_ERROR;
				GCC_WARN_UNDECLARED_SELECTOR = YES;
				GCC_WARN_UNINITIALIZED_AUTOS = YES_AGGRESSIVE;
				GCC_WARN_UNUSED_FUNCTION = YES;
				GCC_WARN_UNUSED_VARIABLE = YES;
				IPHONEOS_DEPLOYMENT_TARGET = 12.1;
				MTL_ENABLE_DEBUG_INFO = NO;
				MTL_FAST_MATH = YES;
				SDKROOT = iphoneos;
				SWIFT_COMPILATION_MODE = wholemodule;
				SWIFT_OPTIMIZATION_LEVEL = "-O";
				VALIDATE_PRODUCT = YES;
			};
			name = Release;
		};
		9D034E802209C1E000917824 /* Debug */ = {
			isa = XCBuildConfiguration;
			baseConfigurationReference = E5EC8E5359A7C2D3E2EECD1B /* Pods-MyFoodExpense.debug.xcconfig */;
			buildSettings = {
				ASSETCATALOG_COMPILER_APPICON_NAME = AppIcon;
				CODE_SIGN_IDENTITY = "iPhone Developer";
				CODE_SIGN_STYLE = Automatic;
				DEVELOPMENT_TEAM = T7886L96UG;
				INFOPLIST_FILE = MyFoodExpense/Info.plist;
				LD_RUNPATH_SEARCH_PATHS = (
					"$(inherited)",
					"@executable_path/Frameworks",
				);
				PRODUCT_BUNDLE_IDENTIFIER = "com.yahoo-fibo2944";
				PRODUCT_NAME = "$(TARGET_NAME)";
				PROVISIONING_PROFILE_SPECIFIER = "";
				SWIFT_VERSION = 4.2;
				TARGETED_DEVICE_FAMILY = "1,2";
			};
			name = Debug;
		};
		9D034E812209C1E000917824 /* Release */ = {
			isa = XCBuildConfiguration;
			baseConfigurationReference = 4CED4DF182D12914C74A190A /* Pods-MyFoodExpense.release.xcconfig */;
			buildSettings = {
				ASSETCATALOG_COMPILER_APPICON_NAME = AppIcon;
				CODE_SIGN_IDENTITY = "iPhone Developer";
				CODE_SIGN_STYLE = Automatic;
				DEVELOPMENT_TEAM = T7886L96UG;
				INFOPLIST_FILE = MyFoodExpense/Info.plist;
				LD_RUNPATH_SEARCH_PATHS = (
					"$(inherited)",
					"@executable_path/Frameworks",
				);
				PRODUCT_BUNDLE_IDENTIFIER = "com.yahoo-fibo2944";
				PRODUCT_NAME = "$(TARGET_NAME)";
				PROVISIONING_PROFILE_SPECIFIER = "";
				SWIFT_VERSION = 4.2;
				TARGETED_DEVICE_FAMILY = "1,2";
			};
			name = Release;
		};
		9D034E832209C1E000917824 /* Debug */ = {
			isa = XCBuildConfiguration;
			baseConfigurationReference = 442E8B1A0D9A8506E4811A73 /* Pods-MyFoodExpenseTests.debug.xcconfig */;
			buildSettings = {
				ALWAYS_EMBED_SWIFT_STANDARD_LIBRARIES = YES;
				BUNDLE_LOADER = "$(TEST_HOST)";
				CODE_SIGN_STYLE = Automatic;
				DEVELOPMENT_TEAM = T7886L96UG;
				INFOPLIST_FILE = MyFoodExpenseTests/Info.plist;
				LD_RUNPATH_SEARCH_PATHS = (
					"$(inherited)",
					"@executable_path/Frameworks",
					"@loader_path/Frameworks",
				);
				PRODUCT_BUNDLE_IDENTIFIER = "it-s-me.MyFoodExpenseTests";
				PRODUCT_NAME = "$(TARGET_NAME)";
				SWIFT_VERSION = 4.2;
				TARGETED_DEVICE_FAMILY = "1,2";
				TEST_HOST = "$(BUILT_PRODUCTS_DIR)/MyFoodExpense.app/MyFoodExpense";
			};
			name = Debug;
		};
		9D034E842209C1E000917824 /* Release */ = {
			isa = XCBuildConfiguration;
			baseConfigurationReference = 01C7AAE77DD08E9FB5488CAB /* Pods-MyFoodExpenseTests.release.xcconfig */;
			buildSettings = {
				ALWAYS_EMBED_SWIFT_STANDARD_LIBRARIES = YES;
				BUNDLE_LOADER = "$(TEST_HOST)";
				CODE_SIGN_STYLE = Automatic;
				DEVELOPMENT_TEAM = T7886L96UG;
				INFOPLIST_FILE = MyFoodExpenseTests/Info.plist;
				LD_RUNPATH_SEARCH_PATHS = (
					"$(inherited)",
					"@executable_path/Frameworks",
					"@loader_path/Frameworks",
				);
				PRODUCT_BUNDLE_IDENTIFIER = "it-s-me.MyFoodExpenseTests";
				PRODUCT_NAME = "$(TARGET_NAME)";
				SWIFT_VERSION = 4.2;
				TARGETED_DEVICE_FAMILY = "1,2";
				TEST_HOST = "$(BUILT_PRODUCTS_DIR)/MyFoodExpense.app/MyFoodExpense";
			};
			name = Release;
		};
		9D034E862209C1E000917824 /* Debug */ = {
			isa = XCBuildConfiguration;
			baseConfigurationReference = 28E3767253CC25060E09C443 /* Pods-MyFoodExpenseUITests.debug.xcconfig */;
			buildSettings = {
				ALWAYS_EMBED_SWIFT_STANDARD_LIBRARIES = YES;
				CODE_SIGN_STYLE = Automatic;
				DEVELOPMENT_TEAM = T7886L96UG;
				INFOPLIST_FILE = MyFoodExpenseUITests/Info.plist;
				LD_RUNPATH_SEARCH_PATHS = (
					"$(inherited)",
					"@executable_path/Frameworks",
					"@loader_path/Frameworks",
				);
				PRODUCT_BUNDLE_IDENTIFIER = "it-s-me.MyFoodExpenseUITests";
				PRODUCT_NAME = "$(TARGET_NAME)";
				SWIFT_VERSION = 4.2;
				TARGETED_DEVICE_FAMILY = "1,2";
				TEST_TARGET_NAME = MyFoodExpense;
			};
			name = Debug;
		};
		9D034E872209C1E000917824 /* Release */ = {
			isa = XCBuildConfiguration;
			baseConfigurationReference = F30328F15E60E1ABD77C8D1E /* Pods-MyFoodExpenseUITests.release.xcconfig */;
			buildSettings = {
				ALWAYS_EMBED_SWIFT_STANDARD_LIBRARIES = YES;
				CODE_SIGN_STYLE = Automatic;
				DEVELOPMENT_TEAM = T7886L96UG;
				INFOPLIST_FILE = MyFoodExpenseUITests/Info.plist;
				LD_RUNPATH_SEARCH_PATHS = (
					"$(inherited)",
					"@executable_path/Frameworks",
					"@loader_path/Frameworks",
				);
				PRODUCT_BUNDLE_IDENTIFIER = "it-s-me.MyFoodExpenseUITests";
				PRODUCT_NAME = "$(TARGET_NAME)";
				SWIFT_VERSION = 4.2;
				TARGETED_DEVICE_FAMILY = "1,2";
				TEST_TARGET_NAME = MyFoodExpense;
			};
			name = Release;
		};
/* End XCBuildConfiguration section */

/* Begin XCConfigurationList section */
		9D034E522209C1DE00917824 /* Build configuration list for PBXProject "MyFoodExpense" */ = {
			isa = XCConfigurationList;
			buildConfigurations = (
				9D034E7D2209C1E000917824 /* Debug */,
				9D034E7E2209C1E000917824 /* Release */,
			);
			defaultConfigurationIsVisible = 0;
			defaultConfigurationName = Release;
		};
		9D034E7F2209C1E000917824 /* Build configuration list for PBXNativeTarget "MyFoodExpense" */ = {
			isa = XCConfigurationList;
			buildConfigurations = (
				9D034E802209C1E000917824 /* Debug */,
				9D034E812209C1E000917824 /* Release */,
			);
			defaultConfigurationIsVisible = 0;
			defaultConfigurationName = Release;
		};
		9D034E822209C1E000917824 /* Build configuration list for PBXNativeTarget "MyFoodExpenseTests" */ = {
			isa = XCConfigurationList;
			buildConfigurations = (
				9D034E832209C1E000917824 /* Debug */,
				9D034E842209C1E000917824 /* Release */,
			);
			defaultConfigurationIsVisible = 0;
			defaultConfigurationName = Release;
		};
		9D034E852209C1E000917824 /* Build configuration list for PBXNativeTarget "MyFoodExpenseUITests" */ = {
			isa = XCConfigurationList;
			buildConfigurations = (
				9D034E862209C1E000917824 /* Debug */,
				9D034E872209C1E000917824 /* Release */,
			);
			defaultConfigurationIsVisible = 0;
			defaultConfigurationName = Release;
		};
/* End XCConfigurationList section */
	};
	rootObject = 9D034E4F2209C1DE00917824 /* Project object */;
}
